
Microsoft Visual Studio Solution File, Format Version 12.00
# Visual Studio Version 17
VisualStudioVersion = 17.9.34728.123
MinimumVisualStudioVersion = 10.0.40219.1
Project("{9A19103F-16F7-4668-BE54-9A1E7A4F7556}") = "WebNovelTranslate", "WebNovelTranslate.csproj", "{2B773C9E-168E-47C6-8B00-C344DB2B7AA0}"
EndProject
Global
	GlobalSection(SolutionConfigurationPlatforms) = preSolution
		Debug|Any CPU = Debug|Any CPU
		Release|Any CPU = Release|Any CPU
	EndGlobalSection
	GlobalSection(ProjectConfigurationPlatforms) = postSolution
		{2B773C9E-168E-47C6-8B00-C344DB2B7AA0}.Debug|Any CPU.ActiveCfg = Debug|Any CPU
		{2B773C9E-168E-47C6-8B00-C344DB2B7AA0}.Debug|Any CPU.Build.0 = Debug|Any CPU
		{2B773C9E-168E-47C6-8B00-C344DB2B7AA0}.Release|Any CPU.ActiveCfg = Release|Any CPU
		{2B773C9E-168E-47C6-8B00-C344DB2B7AA0}.Release|Any CPU.Build.0 = Release|Any CPU
	EndGlobalSection
	GlobalSection(SolutionProperties) = preSolution
		HideSolutionNode = FALSE
	EndGlobalSection
	GlobalSection(ExtensibilityGlobals) = postSolution
		SolutionGuid = {1A5A9A87-78AC-4551-827A-24376C9CCEB3}
	EndGlobalSection
EndGlobal
